
Microsoft Visual Studio Solution File, Format Version 12.00
# Visual Studio Version 17
VisualStudioVersion = 17.3.32825.248
MinimumVisualStudioVersion = 10.0.40219.1
Project("{8BC9CEB8-8B4A-11D0-8D11-00A0C91BC942}") = "12-b1-1", "12-b1-1\12-b1-1.vcxproj", "{70007D44-AC64-46A2-B604-A96B07F3DEBC}"
EndProject
Project("{8BC9CEB8-8B4A-11D0-8D11-00A0C91BC942}") = "12-b1-2", "12-b1-2\12-b1-2.vcxproj", "{890B289F-9600-440F-AD0A-574D3574287D}"
EndProject
Project("{8BC9CEB8-8B4A-11D0-8D11-00A0C91BC942}") = "12-b2", "12-b2\12-b2.vcxproj", "{082B2B09-41C3-4D6A-94F7-C72643FBE787}"
EndProject
Project("{8BC9CEB8-8B4A-11D0-8D11-00A0C91BC942}") = "12-b3", "12-b3\12-b3.vcxproj", "{C6EC85F4-4D26-4182-B311-75BC10C1A3AE}"
EndProject
Project("{8BC9CEB8-8B4A-11D0-8D11-00A0C91BC942}") = "draft", "草稿\草稿.vcxproj", "{E52787D7-001A-412E-8E1E-2E33A0C1B919}"
EndProject
Project("{8BC9CEB8-8B4A-11D0-8D11-00A0C91BC942}") = "12-b5-1", "12-b5-1\12-b5-1.vcxproj", "{CC183283-1B01-49A4-92EB-D9C86EC4DD9D}"
EndProject
Project("{8BC9CEB8-8B4A-11D0-8D11-00A0C91BC942}") = "12-b5-2", "12-b5-2\12-b5-2.vcxproj", "{1A5895C1-C419-4AFA-84D4-FDF8102CB4C7}"
EndProject
Project("{8BC9CEB8-8B4A-11D0-8D11-00A0C91BC942}") = "12-b6", "12-b6\12-b6.vcxproj", "{0C1C3AB4-6233-4E44-9052-CBA82CF5341D}"
EndProject
Project("{8BC9CEB8-8B4A-11D0-8D11-00A0C91BC942}") = "13-b1-1", "13-b1-1\13-b1-1.vcxproj", "{ED59C591-39F7-46DD-AC6E-85BA01D4E6BE}"
EndProject
Project("{8BC9CEB8-8B4A-11D0-8D11-00A0C91BC942}") = "13-b1-2", "13-b1-2\13-b1-2.vcxproj", "{84CACE06-3584-48A1-B6A3-DC4552D6B854}"
EndProject
Project("{8BC9CEB8-8B4A-11D0-8D11-00A0C91BC942}") = "13-b1-3", "13-b1-3\13-b1-3.vcxproj", "{877F1637-8005-4A12-8A04-F99123F5A708}"
EndProject
Project("{8BC9CEB8-8B4A-11D0-8D11-00A0C91BC942}") = "13-b1-4", "13-b1-4\13-b1-4.vcxproj", "{797E7604-EB57-46B7-AB7A-A4A87384984C}"
EndProject
Project("{8BC9CEB8-8B4A-11D0-8D11-00A0C91BC942}") = "13-b2-1", "13-b2-1\13-b2-1.vcxproj", "{8BB12E04-2CFE-4708-820C-B18B2BB61EAB}"
EndProject
Project("{8BC9CEB8-8B4A-11D0-8D11-00A0C91BC942}") = "13-b2-2", "13-b2-2\13-b2-2.vcxproj", "{A308DD28-9A2F-4042-9965-AA8446418C71}"
EndProject
Project("{8BC9CEB8-8B4A-11D0-8D11-00A0C91BC942}") = "13-b3-1", "13-b3-1\13-b3-1.vcxproj", "{871931DC-9396-43CD-B0C7-53FB987C844B}"
EndProject
Project("{8BC9CEB8-8B4A-11D0-8D11-00A0C91BC942}") = "13-b3-2", "13-b3-2\13-b3-2.vcxproj", "{F1CF43A9-0D11-46C1-BD53-B8CC7D236174}"
EndProject
Project("{8BC9CEB8-8B4A-11D0-8D11-00A0C91BC942}") = "13-b4", "13-b4\13-b4.vcxproj", "{5007848E-9E6F-4A1E-A4AB-EFA14DFB4E66}"
EndProject
Project("{8BC9CEB8-8B4A-11D0-8D11-00A0C91BC942}") = "13-b5", "13-b5\13-b5.vcxproj", "{BF2A0170-842D-4049-9BC1-291B519A273C}"
EndProject
Project("{8BC9CEB8-8B4A-11D0-8D11-00A0C91BC942}") = "13-b6", "13-b6\13-b6.vcxproj", "{54D99628-2A33-4C00-9474-4D7B0D1618FC}"
EndProject
Project("{8BC9CEB8-8B4A-11D0-8D11-00A0C91BC942}") = "13-b7-1", "13-b7\13-b7.vcxproj", "{F58BD410-D367-4AD1-A3D1-61A53BDD8B1D}"
EndProject
Project("{8BC9CEB8-8B4A-11D0-8D11-00A0C91BC942}") = "13-b7-2", "13-b7-2\13-b7-2.vcxproj", "{1659EDE8-9D38-46F8-ABBA-68892183B3A2}"
EndProject
Project("{8BC9CEB8-8B4A-11D0-8D11-00A0C91BC942}") = "13-b7-3", "13-b7-3\13-b7-3.vcxproj", "{6941BD66-4D6E-41F2-8819-F948E7E843C9}"
EndProject
Project("{8BC9CEB8-8B4A-11D0-8D11-00A0C91BC942}") = "13-b7-4", "13-b7-4\13-b7-4.vcxproj", "{2AB8CF77-EB7D-48B4-897C-E6E351569A02}"
EndProject
Project("{8BC9CEB8-8B4A-11D0-8D11-00A0C91BC942}") = "13-b8-1", "13-b8-1\13-b8-1.vcxproj", "{28365140-24D6-4E95-B1D9-F76485BE05AA}"
EndProject
Project("{8BC9CEB8-8B4A-11D0-8D11-00A0C91BC942}") = "13-b8-2", "13-b8-2\13-b8-2.vcxproj", "{D71E3203-CABC-41A5-A578-DCABF897991B}"
EndProject
Project("{8BC9CEB8-8B4A-11D0-8D11-00A0C91BC942}") = "13-b9-linear_list_sq", "13-b9-linear_list_sq\13-b9-linear_list_sq.vcxproj", "{19DB949D-4CE9-4B59-9EEB-2ADB54B4D5D2}"
EndProject
Project("{8BC9CEB8-8B4A-11D0-8D11-00A0C91BC942}") = "14-b1", "14-b1\14-b1.vcxproj", "{77A8445B-62DD-4358-9774-EF08C2DD8611}"
EndProject
Project("{8BC9CEB8-8B4A-11D0-8D11-00A0C91BC942}") = "14-b2", "14-b2\14-b2.vcxproj", "{DA4EFD54-EBFC-4293-B49F-317B01988016}"
EndProject
Project("{8BC9CEB8-8B4A-11D0-8D11-00A0C91BC942}") = "14-b3", "14-b3\14-b3.vcxproj", "{46837C05-0579-48B0-B391-88A39D690E37}"
EndProject
Project("{8BC9CEB8-8B4A-11D0-8D11-00A0C91BC942}") = "14-b4", "14-b4\14-b4.vcxproj", "{34DD77B3-BB95-49E7-A45E-6C61A5A371DD}"
EndProject
Project("{8BC9CEB8-8B4A-11D0-8D11-00A0C91BC942}") = "draftc", "草稿c\草稿c.vcxproj", "{993709B9-BA23-4D42-ADAF-47B525DBF489}"
EndProject
Project("{8BC9CEB8-8B4A-11D0-8D11-00A0C91BC942}") = "15-b1-1", "15-b1-1\15-b1-1.vcxproj", "{AB3D88EF-A9E7-47ED-98E2-3757507D10F3}"
EndProject
Project("{8BC9CEB8-8B4A-11D0-8D11-00A0C91BC942}") = "15-b1-2", "15-b1-2\15-b1-2.vcxproj", "{3028370D-9D31-405F-ACE8-D27A212ED38C}"
EndProject
Project("{8BC9CEB8-8B4A-11D0-8D11-00A0C91BC942}") = "15-b2", "15-b2\15-b2.vcxproj", "{92B6C2E7-D9A3-4591-A340-C8FE68596335}"
EndProject
Project("{8BC9CEB8-8B4A-11D0-8D11-00A0C91BC942}") = "15-b3", "15-b3\15-b3.vcxproj", "{35409C11-FE7B-4321-99DC-1144F83A979D}"
EndProject
Project("{8BC9CEB8-8B4A-11D0-8D11-00A0C91BC942}") = "15-b4-1", "15-b4-1\15-b4-1.vcxproj", "{43D8F473-2590-4408-95D9-66B2914B7CBD}"
EndProject
Project("{8BC9CEB8-8B4A-11D0-8D11-00A0C91BC942}") = "15-b4-2", "15-b4-2\15-b4-2.vcxproj", "{B4C0D394-3E59-47E9-B5C7-45535933782D}"
EndProject
Project("{8BC9CEB8-8B4A-11D0-8D11-00A0C91BC942}") = "15-b4-3", "15-b4-3\15-b4-3.vcxproj", "{333BBA2E-BAE7-43EA-A2EE-FE53ED84AC58}"
EndProject
Project("{8BC9CEB8-8B4A-11D0-8D11-00A0C91BC942}") = "15-b5", "15-b5\15-b5.vcxproj", "{42052DB4-3784-40CE-AC1D-7E95EAA1343D}"
EndProject
Project("{8BC9CEB8-8B4A-11D0-8D11-00A0C91BC942}") = "16-b1", "16-b1\16-b1.vcxproj", "{7BCFD2FF-99D0-4C19-B5A8-B4C73BE1E29E}"
EndProject
Project("{8BC9CEB8-8B4A-11D0-8D11-00A0C91BC942}") = "16-b2-1", "16-b2-1\16-b2-1.vcxproj", "{AAAB2702-C602-4AD1-BE04-B72ABB6195C0}"
EndProject
Project("{8BC9CEB8-8B4A-11D0-8D11-00A0C91BC942}") = "16-b2-2", "16-b2-2\16-b2-2.vcxproj", "{A6D54135-54FE-4103-959B-FBA0023BAA03}"
EndProject
Project("{8BC9CEB8-8B4A-11D0-8D11-00A0C91BC942}") = "16-b3-1", "16-b3-1\16-b3-1.vcxproj", "{A9B6FEAE-50C7-4E08-92C2-E37D49D815BE}"
EndProject
Project("{8BC9CEB8-8B4A-11D0-8D11-00A0C91BC942}") = "16-b3-2", "16-b3-2\16-b3-2.vcxproj", "{5BC5A1EE-FD4D-44C4-8D79-7206E3E7EF6B}"
EndProject
Project("{8BC9CEB8-8B4A-11D0-8D11-00A0C91BC942}") = "16-b4", "16-b4\16-b4.vcxproj", "{29FD14A6-3893-41B9-9B8B-3104377F1DC4}"
EndProject
Project("{8BC9CEB8-8B4A-11D0-8D11-00A0C91BC942}") = "16-b5", "16-b5\16-b5.vcxproj", "{31D5BF19-C180-4BC5-B5C5-9E0D4318122B}"
EndProject
Project("{8BC9CEB8-8B4A-11D0-8D11-00A0C91BC942}") = "TString", "TString\TString.vcxproj", "{1565A807-6C14-4FEA-BCA0-38AAE5E00CF8}"
EndProject
Project("{8BC9CEB8-8B4A-11D0-8D11-00A0C91BC942}") = "17-b1", "17-b1\17-b1.vcxproj", "{7F9FCCDA-02A1-4D44-BBC0-FA08BBC1542D}"
EndProject
Project("{8BC9CEB8-8B4A-11D0-8D11-00A0C91BC942}") = "17-b2", "17-b2\17-b2.vcxproj", "{D645DD52-91A3-4816-A152-F94C5235EE6A}"
EndProject
Project("{8BC9CEB8-8B4A-11D0-8D11-00A0C91BC942}") = "17-b2-check", "17-b2-check\17-b2-check.vcxproj", "{5B740D70-2BED-4B44-BCB9-0B4B32C874C6}"
EndProject
Project("{8BC9CEB8-8B4A-11D0-8D11-00A0C91BC942}") = "17-b1-check", "17-b1-check\17-b1-check.vcxproj", "{5A2B9AC3-2C12-4DE2-97FB-F29F8CA482BA}"
EndProject
Project("{8BC9CEB8-8B4A-11D0-8D11-00A0C91BC942}") = "18-b1", "18-b1\18-b1.vcxproj", "{64072065-813A-4A85-B34E-9AB6C1518FC4}"
EndProject
Project("{8BC9CEB8-8B4A-11D0-8D11-00A0C91BC942}") = "18-b2", "18-b2\18-b2.vcxproj", "{A9BD7DB1-FFB4-4E8B-9DF6-D7B0E1FAAEFE}"
EndProject
Global
	GlobalSection(SolutionConfigurationPlatforms) = preSolution
		Debug|x64 = Debug|x64
		Debug|x86 = Debug|x86
		Release|x64 = Release|x64
		Release|x86 = Release|x86
	EndGlobalSection
	GlobalSection(ProjectConfigurationPlatforms) = postSolution
		{70007D44-AC64-46A2-B604-A96B07F3DEBC}.Debug|x64.ActiveCfg = Debug|x64
		{70007D44-AC64-46A2-B604-A96B07F3DEBC}.Debug|x64.Build.0 = Debug|x64
		{70007D44-AC64-46A2-B604-A96B07F3DEBC}.Debug|x86.ActiveCfg = Debug|Win32
		{70007D44-AC64-46A2-B604-A96B07F3DEBC}.Debug|x86.Build.0 = Debug|Win32
		{70007D44-AC64-46A2-B604-A96B07F3DEBC}.Release|x64.ActiveCfg = Release|x64
		{70007D44-AC64-46A2-B604-A96B07F3DEBC}.Release|x64.Build.0 = Release|x64
		{70007D44-AC64-46A2-B604-A96B07F3DEBC}.Release|x86.ActiveCfg = Release|Win32
		{70007D44-AC64-46A2-B604-A96B07F3DEBC}.Release|x86.Build.0 = Release|Win32
		{890B289F-9600-440F-AD0A-574D3574287D}.Debug|x64.ActiveCfg = Debug|x64
		{890B289F-9600-440F-AD0A-574D3574287D}.Debug|x64.Build.0 = Debug|x64
		{890B289F-9600-440F-AD0A-574D3574287D}.Debug|x86.ActiveCfg = Debug|Win32
		{890B289F-9600-440F-AD0A-574D3574287D}.Debug|x86.Build.0 = Debug|Win32
		{890B289F-9600-440F-AD0A-574D3574287D}.Release|x64.ActiveCfg = Release|x64
		{890B289F-9600-440F-AD0A-574D3574287D}.Release|x64.Build.0 = Release|x64
		{890B289F-9600-440F-AD0A-574D3574287D}.Release|x86.ActiveCfg = Release|Win32
		{890B289F-9600-440F-AD0A-574D3574287D}.Release|x86.Build.0 = Release|Win32
		{082B2B09-41C3-4D6A-94F7-C72643FBE787}.Debug|x64.ActiveCfg = Debug|x64
		{082B2B09-41C3-4D6A-94F7-C72643FBE787}.Debug|x64.Build.0 = Debug|x64
		{082B2B09-41C3-4D6A-94F7-C72643FBE787}.Debug|x86.ActiveCfg = Debug|Win32
		{082B2B09-41C3-4D6A-94F7-C72643FBE787}.Debug|x86.Build.0 = Debug|Win32
		{082B2B09-41C3-4D6A-94F7-C72643FBE787}.Release|x64.ActiveCfg = Release|x64
		{082B2B09-41C3-4D6A-94F7-C72643FBE787}.Release|x64.Build.0 = Release|x64
		{082B2B09-41C3-4D6A-94F7-C72643FBE787}.Release|x86.ActiveCfg = Release|Win32
		{082B2B09-41C3-4D6A-94F7-C72643FBE787}.Release|x86.Build.0 = Release|Win32
		{C6EC85F4-4D26-4182-B311-75BC10C1A3AE}.Debug|x64.ActiveCfg = Debug|x64
		{C6EC85F4-4D26-4182-B311-75BC10C1A3AE}.Debug|x64.Build.0 = Debug|x64
		{C6EC85F4-4D26-4182-B311-75BC10C1A3AE}.Debug|x86.ActiveCfg = Debug|Win32
		{C6EC85F4-4D26-4182-B311-75BC10C1A3AE}.Debug|x86.Build.0 = Debug|Win32
		{C6EC85F4-4D26-4182-B311-75BC10C1A3AE}.Release|x64.ActiveCfg = Release|x64
		{C6EC85F4-4D26-4182-B311-75BC10C1A3AE}.Release|x64.Build.0 = Release|x64
		{C6EC85F4-4D26-4182-B311-75BC10C1A3AE}.Release|x86.ActiveCfg = Release|Win32
		{C6EC85F4-4D26-4182-B311-75BC10C1A3AE}.Release|x86.Build.0 = Release|Win32
		{E52787D7-001A-412E-8E1E-2E33A0C1B919}.Debug|x64.ActiveCfg = Debug|x64
		{E52787D7-001A-412E-8E1E-2E33A0C1B919}.Debug|x64.Build.0 = Debug|x64
		{E52787D7-001A-412E-8E1E-2E33A0C1B919}.Debug|x86.ActiveCfg = Debug|Win32
		{E52787D7-001A-412E-8E1E-2E33A0C1B919}.Debug|x86.Build.0 = Debug|Win32
		{E52787D7-001A-412E-8E1E-2E33A0C1B919}.Release|x64.ActiveCfg = Release|x64
		{E52787D7-001A-412E-8E1E-2E33A0C1B919}.Release|x64.Build.0 = Release|x64
		{E52787D7-001A-412E-8E1E-2E33A0C1B919}.Release|x86.ActiveCfg = Release|Win32
		{E52787D7-001A-412E-8E1E-2E33A0C1B919}.Release|x86.Build.0 = Release|Win32
		{CC183283-1B01-49A4-92EB-D9C86EC4DD9D}.Debug|x64.ActiveCfg = Debug|x64
		{CC183283-1B01-49A4-92EB-D9C86EC4DD9D}.Debug|x64.Build.0 = Debug|x64
		{CC183283-1B01-49A4-92EB-D9C86EC4DD9D}.Debug|x86.ActiveCfg = Debug|Win32
		{CC183283-1B01-49A4-92EB-D9C86EC4DD9D}.Debug|x86.Build.0 = Debug|Win32
		{CC183283-1B01-49A4-92EB-D9C86EC4DD9D}.Release|x64.ActiveCfg = Release|x64
		{CC183283-1B01-49A4-92EB-D9C86EC4DD9D}.Release|x64.Build.0 = Release|x64
		{CC183283-1B01-49A4-92EB-D9C86EC4DD9D}.Release|x86.ActiveCfg = Release|Win32
		{CC183283-1B01-49A4-92EB-D9C86EC4DD9D}.Release|x86.Build.0 = Release|Win32
		{1A5895C1-C419-4AFA-84D4-FDF8102CB4C7}.Debug|x64.ActiveCfg = Debug|x64
		{1A5895C1-C419-4AFA-84D4-FDF8102CB4C7}.Debug|x64.Build.0 = Debug|x64
		{1A5895C1-C419-4AFA-84D4-FDF8102CB4C7}.Debug|x86.ActiveCfg = Debug|Win32
		{1A5895C1-C419-4AFA-84D4-FDF8102CB4C7}.Debug|x86.Build.0 = Debug|Win32
		{1A5895C1-C419-4AFA-84D4-FDF8102CB4C7}.Release|x64.ActiveCfg = Release|x64
		{1A5895C1-C419-4AFA-84D4-FDF8102CB4C7}.Release|x64.Build.0 = Release|x64
		{1A5895C1-C419-4AFA-84D4-FDF8102CB4C7}.Release|x86.ActiveCfg = Release|Win32
		{1A5895C1-C419-4AFA-84D4-FDF8102CB4C7}.Release|x86.Build.0 = Release|Win32
		{0C1C3AB4-6233-4E44-9052-CBA82CF5341D}.Debug|x64.ActiveCfg = Debug|x64
		{0C1C3AB4-6233-4E44-9052-CBA82CF5341D}.Debug|x64.Build.0 = Debug|x64
		{0C1C3AB4-6233-4E44-9052-CBA82CF5341D}.Debug|x86.ActiveCfg = Debug|Win32
		{0C1C3AB4-6233-4E44-9052-CBA82CF5341D}.Debug|x86.Build.0 = Debug|Win32
		{0C1C3AB4-6233-4E44-9052-CBA82CF5341D}.Release|x64.ActiveCfg = Release|x64
		{0C1C3AB4-6233-4E44-9052-CBA82CF5341D}.Release|x64.Build.0 = Release|x64
		{0C1C3AB4-6233-4E44-9052-CBA82CF5341D}.Release|x86.ActiveCfg = Release|Win32
		{0C1C3AB4-6233-4E44-9052-CBA82CF5341D}.Release|x86.Build.0 = Release|Win32
		{ED59C591-39F7-46DD-AC6E-85BA01D4E6BE}.Debug|x64.ActiveCfg = Debug|x64
		{ED59C591-39F7-46DD-AC6E-85BA01D4E6BE}.Debug|x64.Build.0 = Debug|x64
		{ED59C591-39F7-46DD-AC6E-85BA01D4E6BE}.Debug|x86.ActiveCfg = Debug|Win32
		{ED59C591-39F7-46DD-AC6E-85BA01D4E6BE}.Debug|x86.Build.0 = Debug|Win32
		{ED59C591-39F7-46DD-AC6E-85BA01D4E6BE}.Release|x64.ActiveCfg = Release|x64
		{ED59C591-39F7-46DD-AC6E-85BA01D4E6BE}.Release|x64.Build.0 = Release|x64
		{ED59C591-39F7-46DD-AC6E-85BA01D4E6BE}.Release|x86.ActiveCfg = Release|Win32
		{ED59C591-39F7-46DD-AC6E-85BA01D4E6BE}.Release|x86.Build.0 = Release|Win32
		{84CACE06-3584-48A1-B6A3-DC4552D6B854}.Debug|x64.ActiveCfg = Debug|x64
		{84CACE06-3584-48A1-B6A3-DC4552D6B854}.Debug|x64.Build.0 = Debug|x64
		{84CACE06-3584-48A1-B6A3-DC4552D6B854}.Debug|x86.ActiveCfg = Debug|Win32
		{84CACE06-3584-48A1-B6A3-DC4552D6B854}.Debug|x86.Build.0 = Debug|Win32
		{84CACE06-3584-48A1-B6A3-DC4552D6B854}.Release|x64.ActiveCfg = Release|x64
		{84CACE06-3584-48A1-B6A3-DC4552D6B854}.Release|x64.Build.0 = Release|x64
		{84CACE06-3584-48A1-B6A3-DC4552D6B854}.Release|x86.ActiveCfg = Release|Win32
		{84CACE06-3584-48A1-B6A3-DC4552D6B854}.Release|x86.Build.0 = Release|Win32
		{877F1637-8005-4A12-8A04-F99123F5A708}.Debug|x64.ActiveCfg = Debug|x64
		{877F1637-8005-4A12-8A04-F99123F5A708}.Debug|x64.Build.0 = Debug|x64
		{877F1637-8005-4A12-8A04-F99123F5A708}.Debug|x86.ActiveCfg = Debug|Win32
		{877F1637-8005-4A12-8A04-F99123F5A708}.Debug|x86.Build.0 = Debug|Win32
		{877F1637-8005-4A12-8A04-F99123F5A708}.Release|x64.ActiveCfg = Release|x64
		{877F1637-8005-4A12-8A04-F99123F5A708}.Release|x64.Build.0 = Release|x64
		{877F1637-8005-4A12-8A04-F99123F5A708}.Release|x86.ActiveCfg = Release|Win32
		{877F1637-8005-4A12-8A04-F99123F5A708}.Release|x86.Build.0 = Release|Win32
		{797E7604-EB57-46B7-AB7A-A4A87384984C}.Debug|x64.ActiveCfg = Debug|x64
		{797E7604-EB57-46B7-AB7A-A4A87384984C}.Debug|x64.Build.0 = Debug|x64
		{797E7604-EB57-46B7-AB7A-A4A87384984C}.Debug|x86.ActiveCfg = Debug|Win32
		{797E7604-EB57-46B7-AB7A-A4A87384984C}.Debug|x86.Build.0 = Debug|Win32
		{797E7604-EB57-46B7-AB7A-A4A87384984C}.Release|x64.ActiveCfg = Release|x64
		{797E7604-EB57-46B7-AB7A-A4A87384984C}.Release|x64.Build.0 = Release|x64
		{797E7604-EB57-46B7-AB7A-A4A87384984C}.Release|x86.ActiveCfg = Release|Win32
		{797E7604-EB57-46B7-AB7A-A4A87384984C}.Release|x86.Build.0 = Release|Win32
		{8BB12E04-2CFE-4708-820C-B18B2BB61EAB}.Debug|x64.ActiveCfg = Debug|x64
		{8BB12E04-2CFE-4708-820C-B18B2BB61EAB}.Debug|x64.Build.0 = Debug|x64
		{8BB12E04-2CFE-4708-820C-B18B2BB61EAB}.Debug|x86.ActiveCfg = Debug|Win32
		{8BB12E04-2CFE-4708-820C-B18B2BB61EAB}.Debug|x86.Build.0 = Debug|Win32
		{8BB12E04-2CFE-4708-820C-B18B2BB61EAB}.Release|x64.ActiveCfg = Release|x64
		{8BB12E04-2CFE-4708-820C-B18B2BB61EAB}.Release|x64.Build.0 = Release|x64
		{8BB12E04-2CFE-4708-820C-B18B2BB61EAB}.Release|x86.ActiveCfg = Release|Win32
		{8BB12E04-2CFE-4708-820C-B18B2BB61EAB}.Release|x86.Build.0 = Release|Win32
		{A308DD28-9A2F-4042-9965-AA8446418C71}.Debug|x64.ActiveCfg = Debug|x64
		{A308DD28-9A2F-4042-9965-AA8446418C71}.Debug|x64.Build.0 = Debug|x64
		{A308DD28-9A2F-4042-9965-AA8446418C71}.Debug|x86.ActiveCfg = Debug|Win32
		{A308DD28-9A2F-4042-9965-AA8446418C71}.Debug|x86.Build.0 = Debug|Win32
		{A308DD28-9A2F-4042-9965-AA8446418C71}.Release|x64.ActiveCfg = Release|x64
		{A308DD28-9A2F-4042-9965-AA8446418C71}.Release|x64.Build.0 = Release|x64
		{A308DD28-9A2F-4042-9965-AA8446418C71}.Release|x86.ActiveCfg = Release|Win32
		{A308DD28-9A2F-4042-9965-AA8446418C71}.Release|x86.Build.0 = Release|Win32
		{871931DC-9396-43CD-B0C7-53FB987C844B}.Debug|x64.ActiveCfg = Debug|x64
		{871931DC-9396-43CD-B0C7-53FB987C844B}.Debug|x64.Build.0 = Debug|x64
		{871931DC-9396-43CD-B0C7-53FB987C844B}.Debug|x86.ActiveCfg = Debug|Win32
		{871931DC-9396-43CD-B0C7-53FB987C844B}.Debug|x86.Build.0 = Debug|Win32
		{871931DC-9396-43CD-B0C7-53FB987C844B}.Release|x64.ActiveCfg = Release|x64
		{871931DC-9396-43CD-B0C7-53FB987C844B}.Release|x64.Build.0 = Release|x64
		{871931DC-9396-43CD-B0C7-53FB987C844B}.Release|x86.ActiveCfg = Release|Win32
		{871931DC-9396-43CD-B0C7-53FB987C844B}.Release|x86.Build.0 = Release|Win32
		{F1CF43A9-0D11-46C1-BD53-B8CC7D236174}.Debug|x64.ActiveCfg = Debug|x64
		{F1CF43A9-0D11-46C1-BD53-B8CC7D236174}.Debug|x64.Build.0 = Debug|x64
		{F1CF43A9-0D11-46C1-BD53-B8CC7D236174}.Debug|x86.ActiveCfg = Debug|Win32
		{F1CF43A9-0D11-46C1-BD53-B8CC7D236174}.Debug|x86.Build.0 = Debug|Win32
		{F1CF43A9-0D11-46C1-BD53-B8CC7D236174}.Release|x64.ActiveCfg = Release|x64
		{F1CF43A9-0D11-46C1-BD53-B8CC7D236174}.Release|x64.Build.0 = Release|x64
		{F1CF43A9-0D11-46C1-BD53-B8CC7D236174}.Release|x86.ActiveCfg = Release|Win32
		{F1CF43A9-0D11-46C1-BD53-B8CC7D236174}.Release|x86.Build.0 = Release|Win32
		{5007848E-9E6F-4A1E-A4AB-EFA14DFB4E66}.Debug|x64.ActiveCfg = Debug|x64
		{5007848E-9E6F-4A1E-A4AB-EFA14DFB4E66}.Debug|x64.Build.0 = Debug|x64
		{5007848E-9E6F-4A1E-A4AB-EFA14DFB4E66}.Debug|x86.ActiveCfg = Debug|Win32
		{5007848E-9E6F-4A1E-A4AB-EFA14DFB4E66}.Debug|x86.Build.0 = Debug|Win32
		{5007848E-9E6F-4A1E-A4AB-EFA14DFB4E66}.Release|x64.ActiveCfg = Release|x64
		{5007848E-9E6F-4A1E-A4AB-EFA14DFB4E66}.Release|x64.Build.0 = Release|x64
		{5007848E-9E6F-4A1E-A4AB-EFA14DFB4E66}.Release|x86.ActiveCfg = Release|Win32
		{5007848E-9E6F-4A1E-A4AB-EFA14DFB4E66}.Release|x86.Build.0 = Release|Win32
		{BF2A0170-842D-4049-9BC1-291B519A273C}.Debug|x64.ActiveCfg = Debug|x64
		{BF2A0170-842D-4049-9BC1-291B519A273C}.Debug|x64.Build.0 = Debug|x64
		{BF2A0170-842D-4049-9BC1-291B519A273C}.Debug|x86.ActiveCfg = Debug|Win32
		{BF2A0170-842D-4049-9BC1-291B519A273C}.Debug|x86.Build.0 = Debug|Win32
		{BF2A0170-842D-4049-9BC1-291B519A273C}.Release|x64.ActiveCfg = Release|x64
		{BF2A0170-842D-4049-9BC1-291B519A273C}.Release|x64.Build.0 = Release|x64
		{BF2A0170-842D-4049-9BC1-291B519A273C}.Release|x86.ActiveCfg = Release|Win32
		{BF2A0170-842D-4049-9BC1-291B519A273C}.Release|x86.Build.0 = Release|Win32
		{54D99628-2A33-4C00-9474-4D7B0D1618FC}.Debug|x64.ActiveCfg = Debug|x64
		{54D99628-2A33-4C00-9474-4D7B0D1618FC}.Debug|x64.Build.0 = Debug|x64
		{54D99628-2A33-4C00-9474-4D7B0D1618FC}.Debug|x86.ActiveCfg = Debug|Win32
		{54D99628-2A33-4C00-9474-4D7B0D1618FC}.Debug|x86.Build.0 = Debug|Win32
		{54D99628-2A33-4C00-9474-4D7B0D1618FC}.Release|x64.ActiveCfg = Release|x64
		{54D99628-2A33-4C00-9474-4D7B0D1618FC}.Release|x64.Build.0 = Release|x64
		{54D99628-2A33-4C00-9474-4D7B0D1618FC}.Release|x86.ActiveCfg = Release|Win32
		{54D99628-2A33-4C00-9474-4D7B0D1618FC}.Release|x86.Build.0 = Release|Win32
		{F58BD410-D367-4AD1-A3D1-61A53BDD8B1D}.Debug|x64.ActiveCfg = Debug|x64
		{F58BD410-D367-4AD1-A3D1-61A53BDD8B1D}.Debug|x64.Build.0 = Debug|x64
		{F58BD410-D367-4AD1-A3D1-61A53BDD8B1D}.Debug|x86.ActiveCfg = Debug|Win32
		{F58BD410-D367-4AD1-A3D1-61A53BDD8B1D}.Debug|x86.Build.0 = Debug|Win32
		{F58BD410-D367-4AD1-A3D1-61A53BDD8B1D}.Release|x64.ActiveCfg = Release|x64
		{F58BD410-D367-4AD1-A3D1-61A53BDD8B1D}.Release|x64.Build.0 = Release|x64
		{F58BD410-D367-4AD1-A3D1-61A53BDD8B1D}.Release|x86.ActiveCfg = Release|Win32
		{F58BD410-D367-4AD1-A3D1-61A53BDD8B1D}.Release|x86.Build.0 = Release|Win32
		{1659EDE8-9D38-46F8-ABBA-68892183B3A2}.Debug|x64.ActiveCfg = Debug|x64
		{1659EDE8-9D38-46F8-ABBA-68892183B3A2}.Debug|x64.Build.0 = Debug|x64
		{1659EDE8-9D38-46F8-ABBA-68892183B3A2}.Debug|x86.ActiveCfg = Debug|Win32
		{1659EDE8-9D38-46F8-ABBA-68892183B3A2}.Debug|x86.Build.0 = Debug|Win32
		{1659EDE8-9D38-46F8-ABBA-68892183B3A2}.Release|x64.ActiveCfg = Release|x64
		{1659EDE8-9D38-46F8-ABBA-68892183B3A2}.Release|x64.Build.0 = Release|x64
		{1659EDE8-9D38-46F8-ABBA-68892183B3A2}.Release|x86.ActiveCfg = Release|Win32
		{1659EDE8-9D38-46F8-ABBA-68892183B3A2}.Release|x86.Build.0 = Release|Win32
		{6941BD66-4D6E-41F2-8819-F948E7E843C9}.Debug|x64.ActiveCfg = Debug|x64
		{6941BD66-4D6E-41F2-8819-F948E7E843C9}.Debug|x64.Build.0 = Debug|x64
		{6941BD66-4D6E-41F2-8819-F948E7E843C9}.Debug|x86.ActiveCfg = Debug|Win32
		{6941BD66-4D6E-41F2-8819-F948E7E843C9}.Debug|x86.Build.0 = Debug|Win32
		{6941BD66-4D6E-41F2-8819-F948E7E843C9}.Release|x64.ActiveCfg = Release|x64
		{6941BD66-4D6E-41F2-8819-F948E7E843C9}.Release|x64.Build.0 = Release|x64
		{6941BD66-4D6E-41F2-8819-F948E7E843C9}.Release|x86.ActiveCfg = Release|Win32
		{6941BD66-4D6E-41F2-8819-F948E7E843C9}.Release|x86.Build.0 = Release|Win32
		{2AB8CF77-EB7D-48B4-897C-E6E351569A02}.Debug|x64.ActiveCfg = Debug|x64
		{2AB8CF77-EB7D-48B4-897C-E6E351569A02}.Debug|x64.Build.0 = Debug|x64
		{2AB8CF77-EB7D-48B4-897C-E6E351569A02}.Debug|x86.ActiveCfg = Debug|Win32
		{2AB8CF77-EB7D-48B4-897C-E6E351569A02}.Debug|x86.Build.0 = Debug|Win32
		{2AB8CF77-EB7D-48B4-897C-E6E351569A02}.Release|x64.ActiveCfg = Release|x64
		{2AB8CF77-EB7D-48B4-897C-E6E351569A02}.Release|x64.Build.0 = Release|x64
		{2AB8CF77-EB7D-48B4-897C-E6E351569A02}.Release|x86.ActiveCfg = Release|Win32
		{2AB8CF77-EB7D-48B4-897C-E6E351569A02}.Release|x86.Build.0 = Release|Win32
		{28365140-24D6-4E95-B1D9-F76485BE05AA}.Debug|x64.ActiveCfg = Debug|x64
		{28365140-24D6-4E95-B1D9-F76485BE05AA}.Debug|x64.Build.0 = Debug|x64
		{28365140-24D6-4E95-B1D9-F76485BE05AA}.Debug|x86.ActiveCfg = Debug|Win32
		{28365140-24D6-4E95-B1D9-F76485BE05AA}.Debug|x86.Build.0 = Debug|Win32
		{28365140-24D6-4E95-B1D9-F76485BE05AA}.Release|x64.ActiveCfg = Release|x64
		{28365140-24D6-4E95-B1D9-F76485BE05AA}.Release|x64.Build.0 = Release|x64
		{28365140-24D6-4E95-B1D9-F76485BE05AA}.Release|x86.ActiveCfg = Release|Win32
		{28365140-24D6-4E95-B1D9-F76485BE05AA}.Release|x86.Build.0 = Release|Win32
		{D71E3203-CABC-41A5-A578-DCABF897991B}.Debug|x64.ActiveCfg = Debug|x64
		{D71E3203-CABC-41A5-A578-DCABF897991B}.Debug|x64.Build.0 = Debug|x64
		{D71E3203-CABC-41A5-A578-DCABF897991B}.Debug|x86.ActiveCfg = Debug|Win32
		{D71E3203-CABC-41A5-A578-DCABF897991B}.Debug|x86.Build.0 = Debug|Win32
		{D71E3203-CABC-41A5-A578-DCABF897991B}.Release|x64.ActiveCfg = Release|x64
		{D71E3203-CABC-41A5-A578-DCABF897991B}.Release|x64.Build.0 = Release|x64
		{D71E3203-CABC-41A5-A578-DCABF897991B}.Release|x86.ActiveCfg = Release|Win32
		{D71E3203-CABC-41A5-A578-DCABF897991B}.Release|x86.Build.0 = Release|Win32
		{19DB949D-4CE9-4B59-9EEB-2ADB54B4D5D2}.Debug|x64.ActiveCfg = Debug|x64
		{19DB949D-4CE9-4B59-9EEB-2ADB54B4D5D2}.Debug|x64.Build.0 = Debug|x64
		{19DB949D-4CE9-4B59-9EEB-2ADB54B4D5D2}.Debug|x86.ActiveCfg = Debug|Win32
		{19DB949D-4CE9-4B59-9EEB-2ADB54B4D5D2}.Debug|x86.Build.0 = Debug|Win32
		{19DB949D-4CE9-4B59-9EEB-2ADB54B4D5D2}.Release|x64.ActiveCfg = Release|x64
		{19DB949D-4CE9-4B59-9EEB-2ADB54B4D5D2}.Release|x64.Build.0 = Release|x64
		{19DB949D-4CE9-4B59-9EEB-2ADB54B4D5D2}.Release|x86.ActiveCfg = Release|Win32
		{19DB949D-4CE9-4B59-9EEB-2ADB54B4D5D2}.Release|x86.Build.0 = Release|Win32
		{77A8445B-62DD-4358-9774-EF08C2DD8611}.Debug|x64.ActiveCfg = Debug|x64
		{77A8445B-62DD-4358-9774-EF08C2DD8611}.Debug|x64.Build.0 = Debug|x64
		{77A8445B-62DD-4358-9774-EF08C2DD8611}.Debug|x86.ActiveCfg = Debug|Win32
		{77A8445B-62DD-4358-9774-EF08C2DD8611}.Debug|x86.Build.0 = Debug|Win32
		{77A8445B-62DD-4358-9774-EF08C2DD8611}.Release|x64.ActiveCfg = Release|x64
		{77A8445B-62DD-4358-9774-EF08C2DD8611}.Release|x64.Build.0 = Release|x64
		{77A8445B-62DD-4358-9774-EF08C2DD8611}.Release|x86.ActiveCfg = Release|Win32
		{77A8445B-62DD-4358-9774-EF08C2DD8611}.Release|x86.Build.0 = Release|Win32
		{DA4EFD54-EBFC-4293-B49F-317B01988016}.Debug|x64.ActiveCfg = Debug|x64
		{DA4EFD54-EBFC-4293-B49F-317B01988016}.Debug|x64.Build.0 = Debug|x64
		{DA4EFD54-EBFC-4293-B49F-317B01988016}.Debug|x86.ActiveCfg = Debug|Win32
		{DA4EFD54-EBFC-4293-B49F-317B01988016}.Debug|x86.Build.0 = Debug|Win32
		{DA4EFD54-EBFC-4293-B49F-317B01988016}.Release|x64.ActiveCfg = Release|x64
		{DA4EFD54-EBFC-4293-B49F-317B01988016}.Release|x64.Build.0 = Release|x64
		{DA4EFD54-EBFC-4293-B49F-317B01988016}.Release|x86.ActiveCfg = Release|Win32
		{DA4EFD54-EBFC-4293-B49F-317B01988016}.Release|x86.Build.0 = Release|Win32
		{46837C05-0579-48B0-B391-88A39D690E37}.Debug|x64.ActiveCfg = Debug|x64
		{46837C05-0579-48B0-B391-88A39D690E37}.Debug|x64.Build.0 = Debug|x64
		{46837C05-0579-48B0-B391-88A39D690E37}.Debug|x86.ActiveCfg = Debug|Win32
		{46837C05-0579-48B0-B391-88A39D690E37}.Debug|x86.Build.0 = Debug|Win32
		{46837C05-0579-48B0-B391-88A39D690E37}.Release|x64.ActiveCfg = Release|x64
		{46837C05-0579-48B0-B391-88A39D690E37}.Release|x64.Build.0 = Release|x64
		{46837C05-0579-48B0-B391-88A39D690E37}.Release|x86.ActiveCfg = Release|Win32
		{46837C05-0579-48B0-B391-88A39D690E37}.Release|x86.Build.0 = Release|Win32
		{34DD77B3-BB95-49E7-A45E-6C61A5A371DD}.Debug|x64.ActiveCfg = Debug|x64
		{34DD77B3-BB95-49E7-A45E-6C61A5A371DD}.Debug|x64.Build.0 = Debug|x64
		{34DD77B3-BB95-49E7-A45E-6C61A5A371DD}.Debug|x86.ActiveCfg = Debug|Win32
		{34DD77B3-BB95-49E7-A45E-6C61A5A371DD}.Debug|x86.Build.0 = Debug|Win32
		{34DD77B3-BB95-49E7-A45E-6C61A5A371DD}.Release|x64.ActiveCfg = Release|x64
		{34DD77B3-BB95-49E7-A45E-6C61A5A371DD}.Release|x64.Build.0 = Release|x64
		{34DD77B3-BB95-49E7-A45E-6C61A5A371DD}.Release|x86.ActiveCfg = Release|Win32
		{34DD77B3-BB95-49E7-A45E-6C61A5A371DD}.Release|x86.Build.0 = Release|Win32
		{993709B9-BA23-4D42-ADAF-47B525DBF489}.Debug|x64.ActiveCfg = Debug|x64
		{993709B9-BA23-4D42-ADAF-47B525DBF489}.Debug|x64.Build.0 = Debug|x64
		{993709B9-BA23-4D42-ADAF-47B525DBF489}.Debug|x86.ActiveCfg = Debug|Win32
		{993709B9-BA23-4D42-ADAF-47B525DBF489}.Debug|x86.Build.0 = Debug|Win32
		{993709B9-BA23-4D42-ADAF-47B525DBF489}.Release|x64.ActiveCfg = Release|x64
		{993709B9-BA23-4D42-ADAF-47B525DBF489}.Release|x64.Build.0 = Release|x64
		{993709B9-BA23-4D42-ADAF-47B525DBF489}.Release|x86.ActiveCfg = Release|Win32
		{993709B9-BA23-4D42-ADAF-47B525DBF489}.Release|x86.Build.0 = Release|Win32
		{AB3D88EF-A9E7-47ED-98E2-3757507D10F3}.Debug|x64.ActiveCfg = Debug|x64
		{AB3D88EF-A9E7-47ED-98E2-3757507D10F3}.Debug|x64.Build.0 = Debug|x64
		{AB3D88EF-A9E7-47ED-98E2-3757507D10F3}.Debug|x86.ActiveCfg = Debug|Win32
		{AB3D88EF-A9E7-47ED-98E2-3757507D10F3}.Debug|x86.Build.0 = Debug|Win32
		{AB3D88EF-A9E7-47ED-98E2-3757507D10F3}.Release|x64.ActiveCfg = Release|x64
		{AB3D88EF-A9E7-47ED-98E2-3757507D10F3}.Release|x64.Build.0 = Release|x64
		{AB3D88EF-A9E7-47ED-98E2-3757507D10F3}.Release|x86.ActiveCfg = Release|Win32
		{AB3D88EF-A9E7-47ED-98E2-3757507D10F3}.Release|x86.Build.0 = Release|Win32
		{3028370D-9D31-405F-ACE8-D27A212ED38C}.Debug|x64.ActiveCfg = Debug|x64
		{3028370D-9D31-405F-ACE8-D27A212ED38C}.Debug|x64.Build.0 = Debug|x64
		{3028370D-9D31-405F-ACE8-D27A212ED38C}.Debug|x86.ActiveCfg = Debug|Win32
		{3028370D-9D31-405F-ACE8-D27A212ED38C}.Debug|x86.Build.0 = Debug|Win32
		{3028370D-9D31-405F-ACE8-D27A212ED38C}.Release|x64.ActiveCfg = Release|x64
		{3028370D-9D31-405F-ACE8-D27A212ED38C}.Release|x64.Build.0 = Release|x64
		{3028370D-9D31-405F-ACE8-D27A212ED38C}.Release|x86.ActiveCfg = Release|Win32
		{3028370D-9D31-405F-ACE8-D27A212ED38C}.Release|x86.Build.0 = Release|Win32
		{92B6C2E7-D9A3-4591-A340-C8FE68596335}.Debug|x64.ActiveCfg = Debug|x64
		{92B6C2E7-D9A3-4591-A340-C8FE68596335}.Debug|x64.Build.0 = Debug|x64
		{92B6C2E7-D9A3-4591-A340-C8FE68596335}.Debug|x86.ActiveCfg = Debug|Win32
		{92B6C2E7-D9A3-4591-A340-C8FE68596335}.Debug|x86.Build.0 = Debug|Win32
		{92B6C2E7-D9A3-4591-A340-C8FE68596335}.Release|x64.ActiveCfg = Release|x64
		{92B6C2E7-D9A3-4591-A340-C8FE68596335}.Release|x64.Build.0 = Release|x64
		{92B6C2E7-D9A3-4591-A340-C8FE68596335}.Release|x86.ActiveCfg = Release|Win32
		{92B6C2E7-D9A3-4591-A340-C8FE68596335}.Release|x86.Build.0 = Release|Win32
		{35409C11-FE7B-4321-99DC-1144F83A979D}.Debug|x64.ActiveCfg = Debug|x64
		{35409C11-FE7B-4321-99DC-1144F83A979D}.Debug|x64.Build.0 = Debug|x64
		{35409C11-FE7B-4321-99DC-1144F83A979D}.Debug|x86.ActiveCfg = Debug|Win32
		{35409C11-FE7B-4321-99DC-1144F83A979D}.Debug|x86.Build.0 = Debug|Win32
		{35409C11-FE7B-4321-99DC-1144F83A979D}.Release|x64.ActiveCfg = Release|x64
		{35409C11-FE7B-4321-99DC-1144F83A979D}.Release|x64.Build.0 = Release|x64
		{35409C11-FE7B-4321-99DC-1144F83A979D}.Release|x86.ActiveCfg = Release|Win32
		{35409C11-FE7B-4321-99DC-1144F83A979D}.Release|x86.Build.0 = Release|Win32
		{43D8F473-2590-4408-95D9-66B2914B7CBD}.Debug|x64.ActiveCfg = Debug|x64
		{43D8F473-2590-4408-95D9-66B2914B7CBD}.Debug|x64.Build.0 = Debug|x64
		{43D8F473-2590-4408-95D9-66B2914B7CBD}.Debug|x86.ActiveCfg = Debug|Win32
		{43D8F473-2590-4408-95D9-66B2914B7CBD}.Debug|x86.Build.0 = Debug|Win32
		{43D8F473-2590-4408-95D9-66B2914B7CBD}.Release|x64.ActiveCfg = Release|x64
		{43D8F473-2590-4408-95D9-66B2914B7CBD}.Release|x64.Build.0 = Release|x64
		{43D8F473-2590-4408-95D9-66B2914B7CBD}.Release|x86.ActiveCfg = Release|Win32
		{43D8F473-2590-4408-95D9-66B2914B7CBD}.Release|x86.Build.0 = Release|Win32
		{B4C0D394-3E59-47E9-B5C7-45535933782D}.Debug|x64.ActiveCfg = Debug|x64
		{B4C0D394-3E59-47E9-B5C7-45535933782D}.Debug|x64.Build.0 = Debug|x64
		{B4C0D394-3E59-47E9-B5C7-45535933782D}.Debug|x86.ActiveCfg = Debug|Win32
		{B4C0D394-3E59-47E9-B5C7-45535933782D}.Debug|x86.Build.0 = Debug|Win32
		{B4C0D394-3E59-47E9-B5C7-45535933782D}.Release|x64.ActiveCfg = Release|x64
		{B4C0D394-3E59-47E9-B5C7-45535933782D}.Release|x64.Build.0 = Release|x64
		{B4C0D394-3E59-47E9-B5C7-45535933782D}.Release|x86.ActiveCfg = Release|Win32
		{B4C0D394-3E59-47E9-B5C7-45535933782D}.Release|x86.Build.0 = Release|Win32
		{333BBA2E-BAE7-43EA-A2EE-FE53ED84AC58}.Debug|x64.ActiveCfg = Debug|x64
		{333BBA2E-BAE7-43EA-A2EE-FE53ED84AC58}.Debug|x64.Build.0 = Debug|x64
		{333BBA2E-BAE7-43EA-A2EE-FE53ED84AC58}.Debug|x86.ActiveCfg = Debug|Win32
		{333BBA2E-BAE7-43EA-A2EE-FE53ED84AC58}.Debug|x86.Build.0 = Debug|Win32
		{333BBA2E-BAE7-43EA-A2EE-FE53ED84AC58}.Release|x64.ActiveCfg = Release|x64
		{333BBA2E-BAE7-43EA-A2EE-FE53ED84AC58}.Release|x64.Build.0 = Release|x64
		{333BBA2E-BAE7-43EA-A2EE-FE53ED84AC58}.Release|x86.ActiveCfg = Release|Win32
		{333BBA2E-BAE7-43EA-A2EE-FE53ED84AC58}.Release|x86.Build.0 = Release|Win32
		{42052DB4-3784-40CE-AC1D-7E95EAA1343D}.Debug|x64.ActiveCfg = Debug|x64
		{42052DB4-3784-40CE-AC1D-7E95EAA1343D}.Debug|x64.Build.0 = Debug|x64
		{42052DB4-3784-40CE-AC1D-7E95EAA1343D}.Debug|x86.ActiveCfg = Debug|Win32
		{42052DB4-3784-40CE-AC1D-7E95EAA1343D}.Debug|x86.Build.0 = Debug|Win32
		{42052DB4-3784-40CE-AC1D-7E95EAA1343D}.Release|x64.ActiveCfg = Release|x64
		{42052DB4-3784-40CE-AC1D-7E95EAA1343D}.Release|x64.Build.0 = Release|x64
		{42052DB4-3784-40CE-AC1D-7E95EAA1343D}.Release|x86.ActiveCfg = Release|Win32
		{42052DB4-3784-40CE-AC1D-7E95EAA1343D}.Release|x86.Build.0 = Release|Win32
		{7BCFD2FF-99D0-4C19-B5A8-B4C73BE1E29E}.Debug|x64.ActiveCfg = Debug|x64
		{7BCFD2FF-99D0-4C19-B5A8-B4C73BE1E29E}.Debug|x64.Build.0 = Debug|x64
		{7BCFD2FF-99D0-4C19-B5A8-B4C73BE1E29E}.Debug|x86.ActiveCfg = Debug|Win32
		{7BCFD2FF-99D0-4C19-B5A8-B4C73BE1E29E}.Debug|x86.Build.0 = Debug|Win32
		{7BCFD2FF-99D0-4C19-B5A8-B4C73BE1E29E}.Release|x64.ActiveCfg = Release|x64
		{7BCFD2FF-99D0-4C19-B5A8-B4C73BE1E29E}.Release|x64.Build.0 = Release|x64
		{7BCFD2FF-99D0-4C19-B5A8-B4C73BE1E29E}.Release|x86.ActiveCfg = Release|Win32
		{7BCFD2FF-99D0-4C19-B5A8-B4C73BE1E29E}.Release|x86.Build.0 = Release|Win32
		{AAAB2702-C602-4AD1-BE04-B72ABB6195C0}.Debug|x64.ActiveCfg = Debug|x64
		{AAAB2702-C602-4AD1-BE04-B72ABB6195C0}.Debug|x64.Build.0 = Debug|x64
		{AAAB2702-C602-4AD1-BE04-B72ABB6195C0}.Debug|x86.ActiveCfg = Debug|Win32
		{AAAB2702-C602-4AD1-BE04-B72ABB6195C0}.Debug|x86.Build.0 = Debug|Win32
		{AAAB2702-C602-4AD1-BE04-B72ABB6195C0}.Release|x64.ActiveCfg = Release|x64
		{AAAB2702-C602-4AD1-BE04-B72ABB6195C0}.Release|x64.Build.0 = Release|x64
		{AAAB2702-C602-4AD1-BE04-B72ABB6195C0}.Release|x86.ActiveCfg = Release|Win32
		{AAAB2702-C602-4AD1-BE04-B72ABB6195C0}.Release|x86.Build.0 = Release|Win32
		{A6D54135-54FE-4103-959B-FBA0023BAA03}.Debug|x64.ActiveCfg = Debug|x64
		{A6D54135-54FE-4103-959B-FBA0023BAA03}.Debug|x64.Build.0 = Debug|x64
		{A6D54135-54FE-4103-959B-FBA0023BAA03}.Debug|x86.ActiveCfg = Debug|Win32
		{A6D54135-54FE-4103-959B-FBA0023BAA03}.Debug|x86.Build.0 = Debug|Win32
		{A6D54135-54FE-4103-959B-FBA0023BAA03}.Release|x64.ActiveCfg = Release|x64
		{A6D54135-54FE-4103-959B-FBA0023BAA03}.Release|x64.Build.0 = Release|x64
		{A6D54135-54FE-4103-959B-FBA0023BAA03}.Release|x86.ActiveCfg = Release|Win32
		{A6D54135-54FE-4103-959B-FBA0023BAA03}.Release|x86.Build.0 = Release|Win32
		{A9B6FEAE-50C7-4E08-92C2-E37D49D815BE}.Debug|x64.ActiveCfg = Debug|x64
		{A9B6FEAE-50C7-4E08-92C2-E37D49D815BE}.Debug|x64.Build.0 = Debug|x64
		{A9B6FEAE-50C7-4E08-92C2-E37D49D815BE}.Debug|x86.ActiveCfg = Debug|Win32
		{A9B6FEAE-50C7-4E08-92C2-E37D49D815BE}.Debug|x86.Build.0 = Debug|Win32
		{A9B6FEAE-50C7-4E08-92C2-E37D49D815BE}.Release|x64.ActiveCfg = Release|x64
		{A9B6FEAE-50C7-4E08-92C2-E37D49D815BE}.Release|x64.Build.0 = Release|x64
		{A9B6FEAE-50C7-4E08-92C2-E37D49D815BE}.Release|x86.ActiveCfg = Release|Win32
		{A9B6FEAE-50C7-4E08-92C2-E37D49D815BE}.Release|x86.Build.0 = Release|Win32
		{5BC5A1EE-FD4D-44C4-8D79-7206E3E7EF6B}.Debug|x64.ActiveCfg = Debug|x64
		{5BC5A1EE-FD4D-44C4-8D79-7206E3E7EF6B}.Debug|x64.Build.0 = Debug|x64
		{5BC5A1EE-FD4D-44C4-8D79-7206E3E7EF6B}.Debug|x86.ActiveCfg = Debug|Win32
		{5BC5A1EE-FD4D-44C4-8D79-7206E3E7EF6B}.Debug|x86.Build.0 = Debug|Win32
		{5BC5A1EE-FD4D-44C4-8D79-7206E3E7EF6B}.Release|x64.ActiveCfg = Release|x64
		{5BC5A1EE-FD4D-44C4-8D79-7206E3E7EF6B}.Release|x64.Build.0 = Release|x64
		{5BC5A1EE-FD4D-44C4-8D79-7206E3E7EF6B}.Release|x86.ActiveCfg = Release|Win32
		{5BC5A1EE-FD4D-44C4-8D79-7206E3E7EF6B}.Release|x86.Build.0 = Release|Win32
		{29FD14A6-3893-41B9-9B8B-3104377F1DC4}.Debug|x64.ActiveCfg = Debug|x64
		{29FD14A6-3893-41B9-9B8B-3104377F1DC4}.Debug|x64.Build.0 = Debug|x64
		{29FD14A6-3893-41B9-9B8B-3104377F1DC4}.Debug|x86.ActiveCfg = Debug|Win32
		{29FD14A6-3893-41B9-9B8B-3104377F1DC4}.Debug|x86.Build.0 = Debug|Win32
		{29FD14A6-3893-41B9-9B8B-3104377F1DC4}.Release|x64.ActiveCfg = Release|x64
		{29FD14A6-3893-41B9-9B8B-3104377F1DC4}.Release|x64.Build.0 = Release|x64
		{29FD14A6-3893-41B9-9B8B-3104377F1DC4}.Release|x86.ActiveCfg = Release|Win32
		{29FD14A6-3893-41B9-9B8B-3104377F1DC4}.Release|x86.Build.0 = Release|Win32
		{31D5BF19-C180-4BC5-B5C5-9E0D4318122B}.Debug|x64.ActiveCfg = Debug|x64
		{31D5BF19-C180-4BC5-B5C5-9E0D4318122B}.Debug|x64.Build.0 = Debug|x64
		{31D5BF19-C180-4BC5-B5C5-9E0D4318122B}.Debug|x86.ActiveCfg = Debug|Win32
		{31D5BF19-C180-4BC5-B5C5-9E0D4318122B}.Debug|x86.Build.0 = Debug|Win32
		{31D5BF19-C180-4BC5-B5C5-9E0D4318122B}.Release|x64.ActiveCfg = Release|x64
		{31D5BF19-C180-4BC5-B5C5-9E0D4318122B}.Release|x64.Build.0 = Release|x64
		{31D5BF19-C180-4BC5-B5C5-9E0D4318122B}.Release|x86.ActiveCfg = Release|Win32
		{31D5BF19-C180-4BC5-B5C5-9E0D4318122B}.Release|x86.Build.0 = Release|Win32
		{1565A807-6C14-4FEA-BCA0-38AAE5E00CF8}.Debug|x64.ActiveCfg = Debug|x64
		{1565A807-6C14-4FEA-BCA0-38AAE5E00CF8}.Debug|x64.Build.0 = Debug|x64
		{1565A807-6C14-4FEA-BCA0-38AAE5E00CF8}.Debug|x86.ActiveCfg = Debug|Win32
		{1565A807-6C14-4FEA-BCA0-38AAE5E00CF8}.Debug|x86.Build.0 = Debug|Win32
		{1565A807-6C14-4FEA-BCA0-38AAE5E00CF8}.Release|x64.ActiveCfg = Release|x64
		{1565A807-6C14-4FEA-BCA0-38AAE5E00CF8}.Release|x64.Build.0 = Release|x64
		{1565A807-6C14-4FEA-BCA0-38AAE5E00CF8}.Release|x86.ActiveCfg = Release|Win32
		{1565A807-6C14-4FEA-BCA0-38AAE5E00CF8}.Release|x86.Build.0 = Release|Win32
		{7F9FCCDA-02A1-4D44-BBC0-FA08BBC1542D}.Debug|x64.ActiveCfg = Debug|x64
		{7F9FCCDA-02A1-4D44-BBC0-FA08BBC1542D}.Debug|x64.Build.0 = Debug|x64
		{7F9FCCDA-02A1-4D44-BBC0-FA08BBC1542D}.Debug|x86.ActiveCfg = Debug|Win32
		{7F9FCCDA-02A1-4D44-BBC0-FA08BBC1542D}.Debug|x86.Build.0 = Debug|Win32
		{7F9FCCDA-02A1-4D44-BBC0-FA08BBC1542D}.Release|x64.ActiveCfg = Release|x64
		{7F9FCCDA-02A1-4D44-BBC0-FA08BBC1542D}.Release|x64.Build.0 = Release|x64
		{7F9FCCDA-02A1-4D44-BBC0-FA08BBC1542D}.Release|x86.ActiveCfg = Release|Win32
		{7F9FCCDA-02A1-4D44-BBC0-FA08BBC1542D}.Release|x86.Build.0 = Release|Win32
		{D645DD52-91A3-4816-A152-F94C5235EE6A}.Debug|x64.ActiveCfg = Debug|x64
		{D645DD52-91A3-4816-A152-F94C5235EE6A}.Debug|x64.Build.0 = Debug|x64
		{D645DD52-91A3-4816-A152-F94C5235EE6A}.Debug|x86.ActiveCfg = Debug|Win32
		{D645DD52-91A3-4816-A152-F94C5235EE6A}.Debug|x86.Build.0 = Debug|Win32
		{D645DD52-91A3-4816-A152-F94C5235EE6A}.Release|x64.ActiveCfg = Release|x64
		{D645DD52-91A3-4816-A152-F94C5235EE6A}.Release|x64.Build.0 = Release|x64
		{D645DD52-91A3-4816-A152-F94C5235EE6A}.Release|x86.ActiveCfg = Release|Win32
		{D645DD52-91A3-4816-A152-F94C5235EE6A}.Release|x86.Build.0 = Release|Win32
		{5B740D70-2BED-4B44-BCB9-0B4B32C874C6}.Debug|x64.ActiveCfg = Debug|x64
		{5B740D70-2BED-4B44-BCB9-0B4B32C874C6}.Debug|x64.Build.0 = Debug|x64
		{5B740D70-2BED-4B44-BCB9-0B4B32C874C6}.Debug|x86.ActiveCfg = Debug|Win32
		{5B740D70-2BED-4B44-BCB9-0B4B32C874C6}.Debug|x86.Build.0 = Debug|Win32
		{5B740D70-2BED-4B44-BCB9-0B4B32C874C6}.Release|x64.ActiveCfg = Release|x64
		{5B740D70-2BED-4B44-BCB9-0B4B32C874C6}.Release|x64.Build.0 = Release|x64
		{5B740D70-2BED-4B44-BCB9-0B4B32C874C6}.Release|x86.ActiveCfg = Release|Win32
		{5B740D70-2BED-4B44-BCB9-0B4B32C874C6}.Release|x86.Build.0 = Release|Win32
		{5A2B9AC3-2C12-4DE2-97FB-F29F8CA482BA}.Debug|x64.ActiveCfg = Debug|x64
		{5A2B9AC3-2C12-4DE2-97FB-F29F8CA482BA}.Debug|x64.Build.0 = Debug|x64
		{5A2B9AC3-2C12-4DE2-97FB-F29F8CA482BA}.Debug|x86.ActiveCfg = Debug|Win32
		{5A2B9AC3-2C12-4DE2-97FB-F29F8CA482BA}.Debug|x86.Build.0 = Debug|Win32
		{5A2B9AC3-2C12-4DE2-97FB-F29F8CA482BA}.Release|x64.ActiveCfg = Release|x64
		{5A2B9AC3-2C12-4DE2-97FB-F29F8CA482BA}.Release|x64.Build.0 = Release|x64
		{5A2B9AC3-2C12-4DE2-97FB-F29F8CA482BA}.Release|x86.ActiveCfg = Release|Win32
		{5A2B9AC3-2C12-4DE2-97FB-F29F8CA482BA}.Release|x86.Build.0 = Release|Win32
		{64072065-813A-4A85-B34E-9AB6C1518FC4}.Debug|x64.ActiveCfg = Debug|x64
		{64072065-813A-4A85-B34E-9AB6C1518FC4}.Debug|x64.Build.0 = Debug|x64
		{64072065-813A-4A85-B34E-9AB6C1518FC4}.Debug|x86.ActiveCfg = Debug|Win32
		{64072065-813A-4A85-B34E-9AB6C1518FC4}.Debug|x86.Build.0 = Debug|Win32
		{64072065-813A-4A85-B34E-9AB6C1518FC4}.Release|x64.ActiveCfg = Release|x64
		{64072065-813A-4A85-B34E-9AB6C1518FC4}.Release|x64.Build.0 = Release|x64
		{64072065-813A-4A85-B34E-9AB6C1518FC4}.Release|x86.ActiveCfg = Release|Win32
		{64072065-813A-4A85-B34E-9AB6C1518FC4}.Release|x86.Build.0 = Release|Win32
		{A9BD7DB1-FFB4-4E8B-9DF6-D7B0E1FAAEFE}.Debug|x64.ActiveCfg = Debug|x64
		{A9BD7DB1-FFB4-4E8B-9DF6-D7B0E1FAAEFE}.Debug|x64.Build.0 = Debug|x64
		{A9BD7DB1-FFB4-4E8B-9DF6-D7B0E1FAAEFE}.Debug|x86.ActiveCfg = Debug|Win32
		{A9BD7DB1-FFB4-4E8B-9DF6-D7B0E1FAAEFE}.Debug|x86.Build.0 = Debug|Win32
		{A9BD7DB1-FFB4-4E8B-9DF6-D7B0E1FAAEFE}.Release|x64.ActiveCfg = Release|x64
		{A9BD7DB1-FFB4-4E8B-9DF6-D7B0E1FAAEFE}.Release|x64.Build.0 = Release|x64
		{A9BD7DB1-FFB4-4E8B-9DF6-D7B0E1FAAEFE}.Release|x86.ActiveCfg = Release|Win32
		{A9BD7DB1-FFB4-4E8B-9DF6-D7B0E1FAAEFE}.Release|x86.Build.0 = Release|Win32
	EndGlobalSection
	GlobalSection(SolutionProperties) = preSolution
		HideSolutionNode = FALSE
	EndGlobalSection
	GlobalSection(ExtensibilityGlobals) = postSolution
		SolutionGuid = {476B2155-8EB8-4CB4-ADB6-670BD4A52B3D}
	EndGlobalSection
EndGlobal
